<?xml version="1.0" encoding="UTF-8" standalone="yes" ?>
<CodeBlocks_project_file>
	<FileVersion major="1" minor="6" />
	<Project>
		<Option title="gmodem" />
		<Option pch_mode="2" />
		<Option compiler="gcc" />
		<Build>
			<Target title="Release">
				<Option output="./gmodem" prefix_auto="1" extension_auto="1" />
				<Option object_output="./" />
				<Option type="1" />
				<Option compiler="gcc" />
				<Option parameters='-o -m /dev/null &quot;sms dump 200481556500004170526161726106c8329bfd9601&quot;' />
				<Compiler>
					<Add option="-O2" />
					<Add option="-Wno-pointer-sign" />
				</Compiler>
				<Linker>
					<Add option="-s" />
				</Linker>
			</Target>
		</Build>
		<Compiler>
			<Add option="-Wall" />
			<Add option="-Wno-pointer-sign" />
			<Add option="-Wno-strict-aliasing" />
			<Add directory="../vos" />
		</Compiler>
		<Linker>
			<Add library="pthread" />
			<Add library="readline" />
			<Add library="termcap" />
			<Add library="pulse" />
			<Add library="crypto" />
		</Linker>
		<Unit filename="common.c">
			<Option compilerVar="CC" />
		</Unit>
		<Unit filename="gmodem.c">
			<Option compilerVar="CC" />
		</Unit>
		<Unit filename="gmodem.h" />
		<Unit filename="gmodem_apdu.c">
			<Option compilerVar="CC" />
		</Unit>
		<Unit filename="gmodem_book.c">
			<Option compilerVar="CC" />
		</Unit>
		<Unit filename="gmodem_call.c">
			<Option compilerVar="CC" />
		</Unit>
		<Unit filename="gmodem_cb.c">
			<Option compilerVar="CC" />
		</Unit>
		<Unit filename="gmodem_cmd.c">
			<Option compilerVar="CC" />
		</Unit>
		<Unit filename="gmodem_crsm.c">
			<Option compilerVar="CC" />
		</Unit>
		<Unit filename="gmodem_device.c">
			<Option compilerVar="CC" />
		</Unit>
		<Unit filename="gmodem_http.c">
			<Option compilerVar="CC" />
		</Unit>
		<Unit filename="gmodem_m590.c">
			<Option compilerVar="CC" />
		</Unit>
		<Unit filename="gmodem_oper.c">
			<Option compilerVar="CC" />
		</Unit>
		<Unit filename="gmodem_scan.c">
			<Option compilerVar="CC" />
		</Unit>
		<Unit filename="gmodem_sms.c">
			<Option compilerVar="CC" />
		</Unit>
		<Unit filename="gsm_sim.h" />
		<Unit filename="main.c">
			<Option compilerVar="CC" />
		</Unit>
		<Unit filename="pa-e1550.c">
			<Option compilerVar="CC" />
		</Unit>
		<Unit filename="phoenix_reader.c">
			<Option compilerVar="CC" />
		</Unit>
		<Unit filename="sec_packet.c">
			<Option compilerVar="CC" />
		</Unit>
		<Unit filename="sims_cfg.c">
			<Option compilerVar="CC" />
		</Unit>
		<Unit filename="sms_codec.c">
			<Option compilerVar="CC" />
		</Unit>
		<Unit filename="voice_stream.h" />
		<Unit filename="vstrutil.h" />
		<Extensions>
			<envvars />
			<code_completion />
			<debugger />
			<lib_finder disable_auto="1" />
		</Extensions>
	</Project>
</CodeBlocks_project_file>
